// !$*UTF8*$!
{
	archiveVersion = 1;
	classes = {
	};
	objectVersion = 77;
	objects = {

/* Begin PBXBuildFile section */
		2F435E9E2D4FBC05005E1C84 /* Color+.swift in Sources */ = {isa = PBXBuildFile; fileRef = 2F435E9D2D4FBC05005E1C84 /* Color+.swift */; };
		2F435EA22D4FBF35005E1C84 /* Colors.swift in Sources */ = {isa = PBXBuildFile; fileRef = 2F435EA12D4FBF35005E1C84 /* Colors.swift */; };
		2F435EA42D4FBF5A005E1C84 /* View+.swift in Sources */ = {isa = PBXBuildFile; fileRef = 2F435EA32D4FBF5A005E1C84 /* View+.swift */; };
		2F435EA62D4FBF91005E1C84 /* Effects.swift in Sources */ = {isa = PBXBuildFile; fileRef = 2F435EA52D4FBF91005E1C84 /* Effects.swift */; };
		2F435EA92D4FC19C005E1C84 /* Text+.swift in Sources */ = {isa = PBXBuildFile; fileRef = 2F435EA82D4FC19C005E1C84 /* Text+.swift */; };
		2F435EAB2D4FC1C4005E1C84 /* Fonts.swift in Sources */ = {isa = PBXBuildFile; fileRef = 2F435EAA2D4FC1C4005E1C84 /* Fonts.swift */; };
		2F435EB62D4FC26E005E1C84 /* Pretendard-Regular.otf in Resources */ = {isa = PBXBuildFile; fileRef = 2F435EB32D4FC26E005E1C84 /* Pretendard-Regular.otf */; };
		2F435EB72D4FC26E005E1C84 /* Pretendard-ExtraLight.otf in Resources */ = {isa = PBXBuildFile; fileRef = 2F435EB02D4FC26E005E1C84 /* Pretendard-ExtraLight.otf */; };
		2F435EB82D4FC26E005E1C84 /* Pretendard-Bold.otf in Resources */ = {isa = PBXBuildFile; fileRef = 2F435EAE2D4FC26E005E1C84 /* Pretendard-Bold.otf */; };
		2F435EB92D4FC26E005E1C84 /* Pretendard-Medium.otf in Resources */ = {isa = PBXBuildFile; fileRef = 2F435EB22D4FC26E005E1C84 /* Pretendard-Medium.otf */; };
		2F435EBA2D4FC26E005E1C84 /* Pretendard-SemiBold.otf in Resources */ = {isa = PBXBuildFile; fileRef = 2F435EB42D4FC26E005E1C84 /* Pretendard-SemiBold.otf */; };
		2F435EBB2D4FC26E005E1C84 /* Pretendard-Black.otf in Resources */ = {isa = PBXBuildFile; fileRef = 2F435EAD2D4FC26E005E1C84 /* Pretendard-Black.otf */; };
		2F435EBC2D4FC26E005E1C84 /* Pretendard-ExtraBold.otf in Resources */ = {isa = PBXBuildFile; fileRef = 2F435EAF2D4FC26E005E1C84 /* Pretendard-ExtraBold.otf */; };
		2F435EBD2D4FC26E005E1C84 /* Pretendard-Thin.otf in Resources */ = {isa = PBXBuildFile; fileRef = 2F435EB52D4FC26E005E1C84 /* Pretendard-Thin.otf */; };
		2F435EBE2D4FC26E005E1C84 /* Pretendard-Light.otf in Resources */ = {isa = PBXBuildFile; fileRef = 2F435EB12D4FC26E005E1C84 /* Pretendard-Light.otf */; };
		2FA097852D427FC400D01792 /* hongmumuk_SwiftUITests.swift in Sources */ = {isa = PBXBuildFile; fileRef = 2FA097832D427FC400D01792 /* hongmumuk_SwiftUITests.swift */; };
		2FA0978C2D427FC900D01792 /* ContentView.swift in Sources */ = {isa = PBXBuildFile; fileRef = 2FA097892D427FC900D01792 /* ContentView.swift */; };
		2FA0978D2D427FC900D01792 /* hongmumuk_SwiftUIApp.swift in Sources */ = {isa = PBXBuildFile; fileRef = 2FA0978A2D427FC900D01792 /* hongmumuk_SwiftUIApp.swift */; };
		2FA0978E2D427FC900D01792 /* Preview Assets.xcassets in Resources */ = {isa = PBXBuildFile; fileRef = 2FA097862D427FC900D01792 /* Preview Assets.xcassets */; };
		2FA0978F2D427FC900D01792 /* Assets.xcassets in Resources */ = {isa = PBXBuildFile; fileRef = 2FA097882D427FC900D01792 /* Assets.xcassets */; };
		2FA097932D427FCF00D01792 /* hongmumuk_SwiftUIUITests.swift in Sources */ = {isa = PBXBuildFile; fileRef = 2FA097902D427FCF00D01792 /* hongmumuk_SwiftUIUITests.swift */; };
		2FA097942D427FCF00D01792 /* hongmumuk_SwiftUIUITestsLaunchTests.swift in Sources */ = {isa = PBXBuildFile; fileRef = 2FA097912D427FCF00D01792 /* hongmumuk_SwiftUIUITestsLaunchTests.swift */; };
		2FA0979D2D42865400D01792 /* .swiftlint.yml in Resources */ = {isa = PBXBuildFile; fileRef = 2FA0979C2D42865400D01792 /* .swiftlint.yml */; };
		2FA0979E2D42865400D01792 /* .swiftlint.yml in Resources */ = {isa = PBXBuildFile; fileRef = 2FA0979C2D42865400D01792 /* .swiftlint.yml */; };
		2FA0979F2D42865400D01792 /* .swiftlint.yml in Resources */ = {isa = PBXBuildFile; fileRef = 2FA0979C2D42865400D01792 /* .swiftlint.yml */; };
		2FA097C92D42A11000D01792 /* stag.xcconfig in Resources */ = {isa = PBXBuildFile; fileRef = 2FA097C82D42A11000D01792 /* stag.xcconfig */; };
		2FA097CA2D42A11000D01792 /* dev.xcconfig in Resources */ = {isa = PBXBuildFile; fileRef = 2FA097C62D42A11000D01792 /* dev.xcconfig */; };
		2FA097CB2D42A11000D01792 /* prod.xcconfig in Resources */ = {isa = PBXBuildFile; fileRef = 2FA097C72D42A11000D01792 /* prod.xcconfig */; };
		2FA097CC2D42A11000D01792 /* stag.xcconfig in Resources */ = {isa = PBXBuildFile; fileRef = 2FA097C82D42A11000D01792 /* stag.xcconfig */; };
		2FA097CD2D42A11000D01792 /* dev.xcconfig in Resources */ = {isa = PBXBuildFile; fileRef = 2FA097C62D42A11000D01792 /* dev.xcconfig */; };
		2FA097CE2D42A11000D01792 /* prod.xcconfig in Resources */ = {isa = PBXBuildFile; fileRef = 2FA097C72D42A11000D01792 /* prod.xcconfig */; };
		2FA097CF2D42A11000D01792 /* stag.xcconfig in Resources */ = {isa = PBXBuildFile; fileRef = 2FA097C82D42A11000D01792 /* stag.xcconfig */; };
		2FA097D02D42A11000D01792 /* dev.xcconfig in Resources */ = {isa = PBXBuildFile; fileRef = 2FA097C62D42A11000D01792 /* dev.xcconfig */; };
		2FA097D12D42A11000D01792 /* prod.xcconfig in Resources */ = {isa = PBXBuildFile; fileRef = 2FA097C72D42A11000D01792 /* prod.xcconfig */; };
		BE3DBB752D5E1C49007304C7 /* HomeCircleView.swift in Sources */ = {isa = PBXBuildFile; fileRef = BE3DBB742D5E1C49007304C7 /* HomeCircleView.swift */; };
		BE3DBB772D5E1C50007304C7 /* HomeHeaderView.swift in Sources */ = {isa = PBXBuildFile; fileRef = BE3DBB762D5E1C50007304C7 /* HomeHeaderView.swift */; };
		BE3DBB792D5E1C5A007304C7 /* HomeRandomButton.swift in Sources */ = {isa = PBXBuildFile; fileRef = BE3DBB782D5E1C5A007304C7 /* HomeRandomButton.swift */; };
		BE4F9B1E2D58FC9600E7CC46 /* Univ.swift in Sources */ = {isa = PBXBuildFile; fileRef = BE4F9B1D2D58FC9600E7CC46 /* Univ.swift */; };
		BE4F9B202D58FCB400E7CC46 /* Univ+.swift in Sources */ = {isa = PBXBuildFile; fileRef = BE4F9B1F2D58FCB400E7CC46 /* Univ+.swift */; };
		BE4F9B242D58FD9400E7CC46 /* ValidationClient.swift in Sources */ = {isa = PBXBuildFile; fileRef = BE4F9B232D58FD9400E7CC46 /* ValidationClient.swift */; };
		BE4F9B2B2D59E8D600E7CC46 /* Alamofire in Frameworks */ = {isa = PBXBuildFile; productRef = BE4F9B2A2D59E8D600E7CC46 /* Alamofire */; };
		BE4F9B2F2D59EEBB00E7CC46 /* Environment.swift in Sources */ = {isa = PBXBuildFile; fileRef = BE4F9B2E2D59EEBB00E7CC46 /* Environment.swift */; };
		BE4F9B312D59F0C800E7CC46 /* AuthClient.swift in Sources */ = {isa = PBXBuildFile; fileRef = BE4F9B302D59F0C800E7CC46 /* AuthClient.swift */; };
		BE4F9B462D5A075300E7CC46 /* LoginError.swift in Sources */ = {isa = PBXBuildFile; fileRef = BE4F9B442D5A075300E7CC46 /* LoginError.swift */; };
		BE4F9B4A2D5A076300E7CC46 /* LoginModel.swift in Sources */ = {isa = PBXBuildFile; fileRef = BE4F9B472D5A076300E7CC46 /* LoginModel.swift */; };
		BE4F9B4B2D5A076300E7CC46 /* ResponseModel.swift in Sources */ = {isa = PBXBuildFile; fileRef = BE4F9B482D5A076300E7CC46 /* ResponseModel.swift */; };
		BE4F9B4F2D5A095D00E7CC46 /* LoginFeature.swift in Sources */ = {isa = PBXBuildFile; fileRef = BE4F9B4E2D5A095D00E7CC46 /* LoginFeature.swift */; };
		BE5F1A952D51EB2500D124DB /* Cateogory.swift in Sources */ = {isa = PBXBuildFile; fileRef = BE5F1A932D51EB2500D124DB /* Cateogory.swift */; };
		BE5F1AA12D51EBA000D124DB /* HomeFeature.swift in Sources */ = {isa = PBXBuildFile; fileRef = BE5F1AA02D51EBA000D124DB /* HomeFeature.swift */; };
		BE5F1AA32D51EC5D00D124DB /* HomeView.swift in Sources */ = {isa = PBXBuildFile; fileRef = BE5F1AA22D51EC5D00D124DB /* HomeView.swift */; };
		BE5F1AA62D51ED6800D124DB /* ComposableArchitecture in Frameworks */ = {isa = PBXBuildFile; productRef = BE5F1AA52D51ED6800D124DB /* ComposableArchitecture */; };
		BE79E7752D61BCC9002D57D8 /* Double+.swift in Sources */ = {isa = PBXBuildFile; fileRef = BE79E7742D61BCC9002D57D8 /* Double+.swift */; };
/* End PBXBuildFile section */

/* Begin PBXContainerItemProxy section */
		BEFB83AA2D3D35A1000D9537 /* PBXContainerItemProxy */ = {
			isa = PBXContainerItemProxy;
			containerPortal = BEFB83912D3D359F000D9537 /* Project object */;
			proxyType = 1;
			remoteGlobalIDString = BEFB83982D3D359F000D9537;
			remoteInfo = hongmumuk_SwiftUI;
		};
		BEFB83B42D3D35A1000D9537 /* PBXContainerItemProxy */ = {
			isa = PBXContainerItemProxy;
			containerPortal = BEFB83912D3D359F000D9537 /* Project object */;
			proxyType = 1;
			remoteGlobalIDString = BEFB83982D3D359F000D9537;
			remoteInfo = hongmumuk_SwiftUI;
		};
/* End PBXContainerItemProxy section */

/* Begin PBXFileReference section */
		2F435E9D2D4FBC05005E1C84 /* Color+.swift */ = {isa = PBXFileReference; lastKnownFileType = sourcecode.swift; path = "Color+.swift"; sourceTree = "<group>"; };
		2F435EA12D4FBF35005E1C84 /* Colors.swift */ = {isa = PBXFileReference; lastKnownFileType = sourcecode.swift; path = Colors.swift; sourceTree = "<group>"; };
		2F435EA32D4FBF5A005E1C84 /* View+.swift */ = {isa = PBXFileReference; lastKnownFileType = sourcecode.swift; path = "View+.swift"; sourceTree = "<group>"; };
		2F435EA52D4FBF91005E1C84 /* Effects.swift */ = {isa = PBXFileReference; lastKnownFileType = sourcecode.swift; path = Effects.swift; sourceTree = "<group>"; };
		2F435EA82D4FC19C005E1C84 /* Text+.swift */ = {isa = PBXFileReference; lastKnownFileType = sourcecode.swift; path = "Text+.swift"; sourceTree = "<group>"; };
		2F435EAA2D4FC1C4005E1C84 /* Fonts.swift */ = {isa = PBXFileReference; lastKnownFileType = sourcecode.swift; path = Fonts.swift; sourceTree = "<group>"; };
		2F435EAD2D4FC26E005E1C84 /* Pretendard-Black.otf */ = {isa = PBXFileReference; lastKnownFileType = file; path = "Pretendard-Black.otf"; sourceTree = "<group>"; };
		2F435EAE2D4FC26E005E1C84 /* Pretendard-Bold.otf */ = {isa = PBXFileReference; lastKnownFileType = file; path = "Pretendard-Bold.otf"; sourceTree = "<group>"; };
		2F435EAF2D4FC26E005E1C84 /* Pretendard-ExtraBold.otf */ = {isa = PBXFileReference; lastKnownFileType = file; path = "Pretendard-ExtraBold.otf"; sourceTree = "<group>"; };
		2F435EB02D4FC26E005E1C84 /* Pretendard-ExtraLight.otf */ = {isa = PBXFileReference; lastKnownFileType = file; path = "Pretendard-ExtraLight.otf"; sourceTree = "<group>"; };
		2F435EB12D4FC26E005E1C84 /* Pretendard-Light.otf */ = {isa = PBXFileReference; lastKnownFileType = file; path = "Pretendard-Light.otf"; sourceTree = "<group>"; };
		2F435EB22D4FC26E005E1C84 /* Pretendard-Medium.otf */ = {isa = PBXFileReference; lastKnownFileType = file; path = "Pretendard-Medium.otf"; sourceTree = "<group>"; };
		2F435EB32D4FC26E005E1C84 /* Pretendard-Regular.otf */ = {isa = PBXFileReference; lastKnownFileType = file; path = "Pretendard-Regular.otf"; sourceTree = "<group>"; };
		2F435EB42D4FC26E005E1C84 /* Pretendard-SemiBold.otf */ = {isa = PBXFileReference; lastKnownFileType = file; path = "Pretendard-SemiBold.otf"; sourceTree = "<group>"; };
		2F435EB52D4FC26E005E1C84 /* Pretendard-Thin.otf */ = {isa = PBXFileReference; lastKnownFileType = file; path = "Pretendard-Thin.otf"; sourceTree = "<group>"; };
		2FA097832D427FC400D01792 /* hongmumuk_SwiftUITests.swift */ = {isa = PBXFileReference; lastKnownFileType = sourcecode.swift; path = hongmumuk_SwiftUITests.swift; sourceTree = "<group>"; };
		2FA097862D427FC900D01792 /* Preview Assets.xcassets */ = {isa = PBXFileReference; lastKnownFileType = folder.assetcatalog; path = "Preview Assets.xcassets"; sourceTree = "<group>"; };
		2FA097882D427FC900D01792 /* Assets.xcassets */ = {isa = PBXFileReference; lastKnownFileType = folder.assetcatalog; path = Assets.xcassets; sourceTree = "<group>"; };
		2FA097892D427FC900D01792 /* ContentView.swift */ = {isa = PBXFileReference; lastKnownFileType = sourcecode.swift; path = ContentView.swift; sourceTree = "<group>"; };
		2FA0978A2D427FC900D01792 /* hongmumuk_SwiftUIApp.swift */ = {isa = PBXFileReference; lastKnownFileType = sourcecode.swift; path = hongmumuk_SwiftUIApp.swift; sourceTree = "<group>"; };
		2FA097902D427FCF00D01792 /* hongmumuk_SwiftUIUITests.swift */ = {isa = PBXFileReference; lastKnownFileType = sourcecode.swift; path = hongmumuk_SwiftUIUITests.swift; sourceTree = "<group>"; };
		2FA097912D427FCF00D01792 /* hongmumuk_SwiftUIUITestsLaunchTests.swift */ = {isa = PBXFileReference; lastKnownFileType = sourcecode.swift; path = hongmumuk_SwiftUIUITestsLaunchTests.swift; sourceTree = "<group>"; };
		2FA0979C2D42865400D01792 /* .swiftlint.yml */ = {isa = PBXFileReference; lastKnownFileType = text.yaml; path = .swiftlint.yml; sourceTree = "<group>"; };
		2FA097C62D42A11000D01792 /* dev.xcconfig */ = {isa = PBXFileReference; lastKnownFileType = text.xcconfig; path = dev.xcconfig; sourceTree = "<group>"; };
		2FA097C72D42A11000D01792 /* prod.xcconfig */ = {isa = PBXFileReference; lastKnownFileType = text.xcconfig; path = prod.xcconfig; sourceTree = "<group>"; };
		2FA097C82D42A11000D01792 /* stag.xcconfig */ = {isa = PBXFileReference; lastKnownFileType = text.xcconfig; path = stag.xcconfig; sourceTree = "<group>"; };
		BE3DBB742D5E1C49007304C7 /* HomeCircleView.swift */ = {isa = PBXFileReference; lastKnownFileType = sourcecode.swift; path = HomeCircleView.swift; sourceTree = "<group>"; };
		BE3DBB762D5E1C50007304C7 /* HomeHeaderView.swift */ = {isa = PBXFileReference; lastKnownFileType = sourcecode.swift; path = HomeHeaderView.swift; sourceTree = "<group>"; };
		BE3DBB782D5E1C5A007304C7 /* HomeRandomButton.swift */ = {isa = PBXFileReference; lastKnownFileType = sourcecode.swift; path = HomeRandomButton.swift; sourceTree = "<group>"; };
		BE4F9B1D2D58FC9600E7CC46 /* Univ.swift */ = {isa = PBXFileReference; lastKnownFileType = sourcecode.swift; path = Univ.swift; sourceTree = "<group>"; };
		BE4F9B1F2D58FCB400E7CC46 /* Univ+.swift */ = {isa = PBXFileReference; lastKnownFileType = sourcecode.swift; path = "Univ+.swift"; sourceTree = "<group>"; };
		BE4F9B232D58FD9400E7CC46 /* ValidationClient.swift */ = {isa = PBXFileReference; lastKnownFileType = sourcecode.swift; path = ValidationClient.swift; sourceTree = "<group>"; };
		BE4F9B2D2D59EE2C00E7CC46 /* hongmumuk-SwiftUI-Info.plist */ = {isa = PBXFileReference; lastKnownFileType = text.plist.xml; path = "hongmumuk-SwiftUI-Info.plist"; sourceTree = SOURCE_ROOT; };
		BE4F9B2E2D59EEBB00E7CC46 /* Environment.swift */ = {isa = PBXFileReference; lastKnownFileType = sourcecode.swift; path = Environment.swift; sourceTree = "<group>"; };
		BE4F9B302D59F0C800E7CC46 /* AuthClient.swift */ = {isa = PBXFileReference; lastKnownFileType = sourcecode.swift; path = AuthClient.swift; sourceTree = "<group>"; };
		BE4F9B442D5A075300E7CC46 /* LoginError.swift */ = {isa = PBXFileReference; lastKnownFileType = sourcecode.swift; path = LoginError.swift; sourceTree = "<group>"; };
		BE4F9B472D5A076300E7CC46 /* LoginModel.swift */ = {isa = PBXFileReference; lastKnownFileType = sourcecode.swift; path = LoginModel.swift; sourceTree = "<group>"; };
		BE4F9B482D5A076300E7CC46 /* ResponseModel.swift */ = {isa = PBXFileReference; lastKnownFileType = sourcecode.swift; path = ResponseModel.swift; sourceTree = "<group>"; };
		BE4F9B4E2D5A095D00E7CC46 /* LoginFeature.swift */ = {isa = PBXFileReference; lastKnownFileType = sourcecode.swift; path = LoginFeature.swift; sourceTree = "<group>"; };
		BE5F1A932D51EB2500D124DB /* Cateogory.swift */ = {isa = PBXFileReference; lastKnownFileType = sourcecode.swift; path = Cateogory.swift; sourceTree = "<group>"; };
		BE5F1AA02D51EBA000D124DB /* HomeFeature.swift */ = {isa = PBXFileReference; lastKnownFileType = sourcecode.swift; path = HomeFeature.swift; sourceTree = "<group>"; };
		BE5F1AA22D51EC5D00D124DB /* HomeView.swift */ = {isa = PBXFileReference; lastKnownFileType = sourcecode.swift; path = HomeView.swift; sourceTree = "<group>"; };
		BE79E7742D61BCC9002D57D8 /* Double+.swift */ = {isa = PBXFileReference; lastKnownFileType = sourcecode.swift; path = "Double+.swift"; sourceTree = "<group>"; };
		BEFB83992D3D359F000D9537 /* hongmumuk_SwiftUI.app */ = {isa = PBXFileReference; explicitFileType = wrapper.application; includeInIndex = 0; path = hongmumuk_SwiftUI.app; sourceTree = BUILT_PRODUCTS_DIR; };
		BEFB83A92D3D35A1000D9537 /* hongmumuk_SwiftUITests.xctest */ = {isa = PBXFileReference; explicitFileType = wrapper.cfbundle; includeInIndex = 0; path = hongmumuk_SwiftUITests.xctest; sourceTree = BUILT_PRODUCTS_DIR; };
		BEFB83B32D3D35A1000D9537 /* hongmumuk_SwiftUIUITests.xctest */ = {isa = PBXFileReference; explicitFileType = wrapper.cfbundle; includeInIndex = 0; path = hongmumuk_SwiftUIUITests.xctest; sourceTree = BUILT_PRODUCTS_DIR; };
/* End PBXFileReference section */

/* Begin PBXFrameworksBuildPhase section */
		BEFB83962D3D359F000D9537 /* Frameworks */ = {
			isa = PBXFrameworksBuildPhase;
			buildActionMask = 2147483647;
			files = (
				BE5F1AA62D51ED6800D124DB /* ComposableArchitecture in Frameworks */,
				BE4F9B2B2D59E8D600E7CC46 /* Alamofire in Frameworks */,
			);
			runOnlyForDeploymentPostprocessing = 0;
		};
		BEFB83A62D3D35A1000D9537 /* Frameworks */ = {
			isa = PBXFrameworksBuildPhase;
			buildActionMask = 2147483647;
			files = (
			);
			runOnlyForDeploymentPostprocessing = 0;
		};
		BEFB83B02D3D35A1000D9537 /* Frameworks */ = {
			isa = PBXFrameworksBuildPhase;
			buildActionMask = 2147483647;
			files = (
			);
			runOnlyForDeploymentPostprocessing = 0;
		};
/* End PBXFrameworksBuildPhase section */

/* Begin PBXGroup section */
		2F435E9C2D4FBA3B005E1C84 /* DesignSystem */ = {
			isa = PBXGroup;
			children = (
				2F435EA12D4FBF35005E1C84 /* Colors.swift */,
				2F435EA52D4FBF91005E1C84 /* Effects.swift */,
				2F435EAA2D4FC1C4005E1C84 /* Fonts.swift */,
			);
			path = DesignSystem;
			sourceTree = "<group>";
		};
		2F435EA72D4FC163005E1C84 /* Extension */ = {
			isa = PBXGroup;
			children = (
				2F435E9D2D4FBC05005E1C84 /* Color+.swift */,
				2F435EA32D4FBF5A005E1C84 /* View+.swift */,
				2F435EA82D4FC19C005E1C84 /* Text+.swift */,
				BE4F9B1F2D58FCB400E7CC46 /* Univ+.swift */,
				BE79E7742D61BCC9002D57D8 /* Double+.swift */,
			);
			path = Extension;
			sourceTree = "<group>";
		};
		2F435EAC2D4FC265005E1C84 /* Font */ = {
			isa = PBXGroup;
			children = (
				2F435EAD2D4FC26E005E1C84 /* Pretendard-Black.otf */,
				2F435EAE2D4FC26E005E1C84 /* Pretendard-Bold.otf */,
				2F435EAF2D4FC26E005E1C84 /* Pretendard-ExtraBold.otf */,
				2F435EB02D4FC26E005E1C84 /* Pretendard-ExtraLight.otf */,
				2F435EB12D4FC26E005E1C84 /* Pretendard-Light.otf */,
				2F435EB22D4FC26E005E1C84 /* Pretendard-Medium.otf */,
				2F435EB32D4FC26E005E1C84 /* Pretendard-Regular.otf */,
				2F435EB42D4FC26E005E1C84 /* Pretendard-SemiBold.otf */,
				2F435EB52D4FC26E005E1C84 /* Pretendard-Thin.otf */,
			);
			path = Font;
			sourceTree = "<group>";
		};
		2FA097842D427FC400D01792 /* hongmumuk_SwiftUITests */ = {
			isa = PBXGroup;
			children = (
				2FA097832D427FC400D01792 /* hongmumuk_SwiftUITests.swift */,
			);
			path = hongmumuk_SwiftUITests;
			sourceTree = "<group>";
		};
		2FA097872D427FC900D01792 /* Preview Content */ = {
			isa = PBXGroup;
			children = (
				2FA097862D427FC900D01792 /* Preview Assets.xcassets */,
			);
			path = "Preview Content";
			sourceTree = "<group>";
		};
		2FA0978B2D427FC900D01792 /* hongmumuk_SwiftUI */ = {
			isa = PBXGroup;
			children = (
				BE4F9B222D58FD8800E7CC46 /* Dependency */,
				BE5F1A9E2D51EB9300D124DB /* Feature */,
				BE5F1A942D51EB2500D124DB /* Enums */,
				2F435EAC2D4FC265005E1C84 /* Font */,
				2F435EA72D4FC163005E1C84 /* Extension */,
				2F435E9C2D4FBA3B005E1C84 /* DesignSystem */,
				2FA097C52D42A0EC00D01792 /* Configuration */,
				2FA097872D427FC900D01792 /* Preview Content */,
				2FA097882D427FC900D01792 /* Assets.xcassets */,
				2FA097892D427FC900D01792 /* ContentView.swift */,
				2FA0978A2D427FC900D01792 /* hongmumuk_SwiftUIApp.swift */,
			);
			path = hongmumuk_SwiftUI;
			sourceTree = "<group>";
		};
		2FA097922D427FCF00D01792 /* hongmumuk_SwiftUIUITests */ = {
			isa = PBXGroup;
			children = (
				2FA097902D427FCF00D01792 /* hongmumuk_SwiftUIUITests.swift */,
				2FA097912D427FCF00D01792 /* hongmumuk_SwiftUIUITestsLaunchTests.swift */,
			);
			path = hongmumuk_SwiftUIUITests;
			sourceTree = "<group>";
		};
		2FA097C52D42A0EC00D01792 /* Configuration */ = {
			isa = PBXGroup;
			children = (
				BE4F9B2D2D59EE2C00E7CC46 /* hongmumuk-SwiftUI-Info.plist */,
				2FA097C62D42A11000D01792 /* dev.xcconfig */,
				2FA097C72D42A11000D01792 /* prod.xcconfig */,
				2FA097C82D42A11000D01792 /* stag.xcconfig */,
			);
			path = Configuration;
			sourceTree = "<group>";
		};
		BE4F9B222D58FD8800E7CC46 /* Dependency */ = {
			isa = PBXGroup;
			children = (
				BE4F9B492D5A076300E7CC46 /* Model */,
				BE4F9B412D5A073F00E7CC46 /* Client */,
				BE4F9B452D5A075300E7CC46 /* Error */,
			);
			path = Dependency;
			sourceTree = "<group>";
		};
		BE4F9B412D5A073F00E7CC46 /* Client */ = {
			isa = PBXGroup;
			children = (
				BE4F9B232D58FD9400E7CC46 /* ValidationClient.swift */,
				BE4F9B302D59F0C800E7CC46 /* AuthClient.swift */,
			);
			path = Client;
			sourceTree = "<group>";
		};
		BE4F9B452D5A075300E7CC46 /* Error */ = {
			isa = PBXGroup;
			children = (
				BE4F9B442D5A075300E7CC46 /* LoginError.swift */,
			);
			path = Error;
			sourceTree = "<group>";
		};
		BE4F9B492D5A076300E7CC46 /* Model */ = {
			isa = PBXGroup;
			children = (
				BE4F9B472D5A076300E7CC46 /* LoginModel.swift */,
				BE4F9B482D5A076300E7CC46 /* ResponseModel.swift */,
			);
			path = Model;
			sourceTree = "<group>";
		};
		BE4F9B4D2D5A094F00E7CC46 /* Auth */ = {
			isa = PBXGroup;
			children = (
				BE4F9B4E2D5A095D00E7CC46 /* LoginFeature.swift */,
			);
			path = Auth;
			sourceTree = "<group>";
		};
		BE5F1A942D51EB2500D124DB /* Enums */ = {
			isa = PBXGroup;
			children = (
				BE5F1A932D51EB2500D124DB /* Cateogory.swift */,
				BE4F9B1D2D58FC9600E7CC46 /* Univ.swift */,
				BE4F9B2E2D59EEBB00E7CC46 /* Environment.swift */,
			);
			path = Enums;
			sourceTree = "<group>";
		};
		BE5F1A9D2D51EB9300D124DB /* Home */ = {
			isa = PBXGroup;
			children = (
				BE5F1AA02D51EBA000D124DB /* HomeFeature.swift */,
				BE5F1AA22D51EC5D00D124DB /* HomeView.swift */,
				BE3DBB742D5E1C49007304C7 /* HomeCircleView.swift */,
				BE3DBB762D5E1C50007304C7 /* HomeHeaderView.swift */,
				BE3DBB782D5E1C5A007304C7 /* HomeRandomButton.swift */,
			);
			path = Home;
			sourceTree = "<group>";
		};
		BE5F1A9E2D51EB9300D124DB /* Feature */ = {
			isa = PBXGroup;
			children = (
				BE4F9B4D2D5A094F00E7CC46 /* Auth */,
				BE5F1A9D2D51EB9300D124DB /* Home */,
			);
			path = Feature;
			sourceTree = "<group>";
		};
		BEFB83902D3D359F000D9537 = {
			isa = PBXGroup;
			children = (
				2FA0979C2D42865400D01792 /* .swiftlint.yml */,
				2FA0978B2D427FC900D01792 /* hongmumuk_SwiftUI */,
				2FA097842D427FC400D01792 /* hongmumuk_SwiftUITests */,
				2FA097922D427FCF00D01792 /* hongmumuk_SwiftUIUITests */,
				BEFB839A2D3D359F000D9537 /* Products */,
			);
			sourceTree = "<group>";
		};
		BEFB839A2D3D359F000D9537 /* Products */ = {
			isa = PBXGroup;
			children = (
				BEFB83992D3D359F000D9537 /* hongmumuk_SwiftUI.app */,
				BEFB83A92D3D35A1000D9537 /* hongmumuk_SwiftUITests.xctest */,
				BEFB83B32D3D35A1000D9537 /* hongmumuk_SwiftUIUITests.xctest */,
			);
			name = Products;
			sourceTree = "<group>";
		};
/* End PBXGroup section */

/* Begin PBXNativeTarget section */
		BEFB83982D3D359F000D9537 /* hongmumuk_SwiftUI */ = {
			isa = PBXNativeTarget;
			buildConfigurationList = BEFB83BD2D3D35A1000D9537 /* Build configuration list for PBXNativeTarget "hongmumuk_SwiftUI" */;
			buildPhases = (
				BEFB83952D3D359F000D9537 /* Sources */,
				BE50C7862D509A1000873961 /* swiftFormat */,
				2FA097952D4280EA00D01792 /* SwiftLint */,
				BEFB83962D3D359F000D9537 /* Frameworks */,
				BEFB83972D3D359F000D9537 /* Resources */,
			);
			buildRules = (
			);
			dependencies = (
			);
			name = hongmumuk_SwiftUI;
			packageProductDependencies = (
				BE5F1AA52D51ED6800D124DB /* ComposableArchitecture */,
				BE4F9B2A2D59E8D600E7CC46 /* Alamofire */,
			);
			productName = hongmumuk_SwiftUI;
			productReference = BEFB83992D3D359F000D9537 /* hongmumuk_SwiftUI.app */;
			productType = "com.apple.product-type.application";
		};
		BEFB83A82D3D35A1000D9537 /* hongmumuk_SwiftUITests */ = {
			isa = PBXNativeTarget;
			buildConfigurationList = BEFB83C02D3D35A1000D9537 /* Build configuration list for PBXNativeTarget "hongmumuk_SwiftUITests" */;
			buildPhases = (
				BEFB83A52D3D35A1000D9537 /* Sources */,
				BEFB83A62D3D35A1000D9537 /* Frameworks */,
				BEFB83A72D3D35A1000D9537 /* Resources */,
			);
			buildRules = (
			);
			dependencies = (
				BEFB83AB2D3D35A1000D9537 /* PBXTargetDependency */,
			);
			name = hongmumuk_SwiftUITests;
			packageProductDependencies = (
			);
			productName = hongmumuk_SwiftUITests;
			productReference = BEFB83A92D3D35A1000D9537 /* hongmumuk_SwiftUITests.xctest */;
			productType = "com.apple.product-type.bundle.unit-test";
		};
		BEFB83B22D3D35A1000D9537 /* hongmumuk_SwiftUIUITests */ = {
			isa = PBXNativeTarget;
			buildConfigurationList = BEFB83C32D3D35A1000D9537 /* Build configuration list for PBXNativeTarget "hongmumuk_SwiftUIUITests" */;
			buildPhases = (
				BEFB83AF2D3D35A1000D9537 /* Sources */,
				BEFB83B02D3D35A1000D9537 /* Frameworks */,
				BEFB83B12D3D35A1000D9537 /* Resources */,
			);
			buildRules = (
			);
			dependencies = (
				BEFB83B52D3D35A1000D9537 /* PBXTargetDependency */,
			);
			name = hongmumuk_SwiftUIUITests;
			packageProductDependencies = (
			);
			productName = hongmumuk_SwiftUIUITests;
			productReference = BEFB83B32D3D35A1000D9537 /* hongmumuk_SwiftUIUITests.xctest */;
			productType = "com.apple.product-type.bundle.ui-testing";
		};
/* End PBXNativeTarget section */

/* Begin PBXProject section */
		BEFB83912D3D359F000D9537 /* Project object */ = {
			isa = PBXProject;
			attributes = {
				BuildIndependentTargetsInParallel = YES;
				LastSwiftUpdateCheck = 1620;
				LastUpgradeCheck = 1620;
				TargetAttributes = {
					BEFB83982D3D359F000D9537 = {
						CreatedOnToolsVersion = 16.2;
					};
					BEFB83A82D3D35A1000D9537 = {
						CreatedOnToolsVersion = 16.2;
						TestTargetID = BEFB83982D3D359F000D9537;
					};
					BEFB83B22D3D35A1000D9537 = {
						CreatedOnToolsVersion = 16.2;
						TestTargetID = BEFB83982D3D359F000D9537;
					};
				};
			};
			buildConfigurationList = BEFB83942D3D359F000D9537 /* Build configuration list for PBXProject "hongmumuk_SwiftUI" */;
			developmentRegion = en;
			hasScannedForEncodings = 0;
			knownRegions = (
				en,
				Base,
			);
			mainGroup = BEFB83902D3D359F000D9537;
			minimizedProjectReferenceProxies = 1;
			packageReferences = (
				BE5F1AA42D51ED6800D124DB /* XCRemoteSwiftPackageReference "swift-composable-architecture" */,
				BE4F9B292D59E8D600E7CC46 /* XCRemoteSwiftPackageReference "Alamofire" */,
			);
			preferredProjectObjectVersion = 77;
			productRefGroup = BEFB839A2D3D359F000D9537 /* Products */;
			projectDirPath = "";
			projectRoot = "";
			targets = (
				BEFB83982D3D359F000D9537 /* hongmumuk_SwiftUI */,
				BEFB83A82D3D35A1000D9537 /* hongmumuk_SwiftUITests */,
				BEFB83B22D3D35A1000D9537 /* hongmumuk_SwiftUIUITests */,
			);
		};
/* End PBXProject section */

/* Begin PBXResourcesBuildPhase section */
		BEFB83972D3D359F000D9537 /* Resources */ = {
			isa = PBXResourcesBuildPhase;
			buildActionMask = 2147483647;
			files = (
				2FA0978E2D427FC900D01792 /* Preview Assets.xcassets in Resources */,
				2FA0978F2D427FC900D01792 /* Assets.xcassets in Resources */,
				2FA097CC2D42A11000D01792 /* stag.xcconfig in Resources */,
				2FA097CD2D42A11000D01792 /* dev.xcconfig in Resources */,
				2FA097CE2D42A11000D01792 /* prod.xcconfig in Resources */,
				2F435EB62D4FC26E005E1C84 /* Pretendard-Regular.otf in Resources */,
				2F435EB72D4FC26E005E1C84 /* Pretendard-ExtraLight.otf in Resources */,
				2F435EB82D4FC26E005E1C84 /* Pretendard-Bold.otf in Resources */,
				2F435EB92D4FC26E005E1C84 /* Pretendard-Medium.otf in Resources */,
				2F435EBA2D4FC26E005E1C84 /* Pretendard-SemiBold.otf in Resources */,
				2F435EBB2D4FC26E005E1C84 /* Pretendard-Black.otf in Resources */,
				2F435EBC2D4FC26E005E1C84 /* Pretendard-ExtraBold.otf in Resources */,
				2F435EBD2D4FC26E005E1C84 /* Pretendard-Thin.otf in Resources */,
				2F435EBE2D4FC26E005E1C84 /* Pretendard-Light.otf in Resources */,
				2FA0979D2D42865400D01792 /* .swiftlint.yml in Resources */,
			);
			runOnlyForDeploymentPostprocessing = 0;
		};
		BEFB83A72D3D35A1000D9537 /* Resources */ = {
			isa = PBXResourcesBuildPhase;
			buildActionMask = 2147483647;
			files = (
				2FA097C92D42A11000D01792 /* stag.xcconfig in Resources */,
				2FA097CA2D42A11000D01792 /* dev.xcconfig in Resources */,
				2FA097CB2D42A11000D01792 /* prod.xcconfig in Resources */,
				2FA0979E2D42865400D01792 /* .swiftlint.yml in Resources */,
			);
			runOnlyForDeploymentPostprocessing = 0;
		};
		BEFB83B12D3D35A1000D9537 /* Resources */ = {
			isa = PBXResourcesBuildPhase;
			buildActionMask = 2147483647;
			files = (
				2FA097CF2D42A11000D01792 /* stag.xcconfig in Resources */,
				2FA097D02D42A11000D01792 /* dev.xcconfig in Resources */,
				2FA097D12D42A11000D01792 /* prod.xcconfig in Resources */,
				2FA0979F2D42865400D01792 /* .swiftlint.yml in Resources */,
			);
			runOnlyForDeploymentPostprocessing = 0;
		};
/* End PBXResourcesBuildPhase section */

/* Begin PBXShellScriptBuildPhase section */
		2FA097952D4280EA00D01792 /* SwiftLint */ = {
			isa = PBXShellScriptBuildPhase;
			alwaysOutOfDate = 1;
			buildActionMask = 2147483647;
			files = (
			);
			inputFileListPaths = (
			);
			inputPaths = (
			);
			name = SwiftLint;
			outputFileListPaths = (
			);
			outputPaths = (
			);
			runOnlyForDeploymentPostprocessing = 0;
			shellPath = /bin/sh;
			shellScript = "export PATH=\"/opt/homebrew/bin:$PATH\"\n\nif which swiftlint > /dev/null; then\n  swiftlint\nelse\n  echo \"warning: SwiftLint not installed, download from https://github.com/realm/SwiftLint\"\nfi\n";
		};
		BE50C7862D509A1000873961 /* swiftFormat */ = {
			isa = PBXShellScriptBuildPhase;
			buildActionMask = 2147483647;
			files = (
			);
			inputFileListPaths = (
			);
			inputPaths = (
			);
			name = swiftFormat;
			outputFileListPaths = (
			);
			outputPaths = (
			);
			runOnlyForDeploymentPostprocessing = 0;
			shellPath = /bin/sh;
			shellScript = "# Type a script or drag a script file from your workspace to insert its path.\nexport PATH=\"$PATH:/opt/homebrew/bin\"\nif which swiftformat > /dev/null; then\n swiftformat .\nelse\necho \"warning: SwiftFormat not installed, download from https://github.com/nicklockwood/SwiftFormat\"\nfi\n";
		};
/* End PBXShellScriptBuildPhase section */

/* Begin PBXSourcesBuildPhase section */
		BEFB83952D3D359F000D9537 /* Sources */ = {
			isa = PBXSourcesBuildPhase;
			buildActionMask = 2147483647;
			files = (
				2F435EAB2D4FC1C4005E1C84 /* Fonts.swift in Sources */,
				BE5F1AA12D51EBA000D124DB /* HomeFeature.swift in Sources */,
				2F435EA62D4FBF91005E1C84 /* Effects.swift in Sources */,
				BE4F9B1E2D58FC9600E7CC46 /* Univ.swift in Sources */,
				BE4F9B2F2D59EEBB00E7CC46 /* Environment.swift in Sources */,
				BE4F9B4A2D5A076300E7CC46 /* LoginModel.swift in Sources */,
				BE3DBB772D5E1C50007304C7 /* HomeHeaderView.swift in Sources */,
				BE4F9B4B2D5A076300E7CC46 /* ResponseModel.swift in Sources */,
				BE3DBB752D5E1C49007304C7 /* HomeCircleView.swift in Sources */,
				BE5F1A952D51EB2500D124DB /* Cateogory.swift in Sources */,
				2FA0978C2D427FC900D01792 /* ContentView.swift in Sources */,
				BE5F1AA32D51EC5D00D124DB /* HomeView.swift in Sources */,
				2F435EA92D4FC19C005E1C84 /* Text+.swift in Sources */,
				BE4F9B202D58FCB400E7CC46 /* Univ+.swift in Sources */,
				2F435EA22D4FBF35005E1C84 /* Colors.swift in Sources */,
				2FA0978D2D427FC900D01792 /* hongmumuk_SwiftUIApp.swift in Sources */,
				BE4F9B312D59F0C800E7CC46 /* AuthClient.swift in Sources */,
				BE3DBB792D5E1C5A007304C7 /* HomeRandomButton.swift in Sources */,
				BE4F9B462D5A075300E7CC46 /* LoginError.swift in Sources */,
				BE4F9B242D58FD9400E7CC46 /* ValidationClient.swift in Sources */,
				BE4F9B4F2D5A095D00E7CC46 /* LoginFeature.swift in Sources */,
				2F435EA42D4FBF5A005E1C84 /* View+.swift in Sources */,
				BE79E7752D61BCC9002D57D8 /* Double+.swift in Sources */,
				2F435E9E2D4FBC05005E1C84 /* Color+.swift in Sources */,
			);
			runOnlyForDeploymentPostprocessing = 0;
		};
		BEFB83A52D3D35A1000D9537 /* Sources */ = {
			isa = PBXSourcesBuildPhase;
			buildActionMask = 2147483647;
			files = (
				2FA097852D427FC400D01792 /* hongmumuk_SwiftUITests.swift in Sources */,
			);
			runOnlyForDeploymentPostprocessing = 0;
		};
		BEFB83AF2D3D35A1000D9537 /* Sources */ = {
			isa = PBXSourcesBuildPhase;
			buildActionMask = 2147483647;
			files = (
				2FA097932D427FCF00D01792 /* hongmumuk_SwiftUIUITests.swift in Sources */,
				2FA097942D427FCF00D01792 /* hongmumuk_SwiftUIUITestsLaunchTests.swift in Sources */,
			);
			runOnlyForDeploymentPostprocessing = 0;
		};
/* End PBXSourcesBuildPhase section */

/* Begin PBXTargetDependency section */
		BEFB83AB2D3D35A1000D9537 /* PBXTargetDependency */ = {
			isa = PBXTargetDependency;
			target = BEFB83982D3D359F000D9537 /* hongmumuk_SwiftUI */;
			targetProxy = BEFB83AA2D3D35A1000D9537 /* PBXContainerItemProxy */;
		};
		BEFB83B52D3D35A1000D9537 /* PBXTargetDependency */ = {
			isa = PBXTargetDependency;
			target = BEFB83982D3D359F000D9537 /* hongmumuk_SwiftUI */;
			targetProxy = BEFB83B42D3D35A1000D9537 /* PBXContainerItemProxy */;
		};
/* End PBXTargetDependency section */

/* Begin XCBuildConfiguration section */
		BEFB83BB2D3D35A1000D9537 /* Debug(dev) */ = {
			isa = XCBuildConfiguration;
			baseConfigurationReference = 2FA097C62D42A11000D01792 /* dev.xcconfig */;
			buildSettings = {
				ALWAYS_SEARCH_USER_PATHS = NO;
				ASSETCATALOG_COMPILER_GENERATE_SWIFT_ASSET_SYMBOL_EXTENSIONS = YES;
				CLANG_ANALYZER_NONNULL = YES;
				CLANG_ANALYZER_NUMBER_OBJECT_CONVERSION = YES_AGGRESSIVE;
				CLANG_CXX_LANGUAGE_STANDARD = "gnu++20";
				CLANG_ENABLE_MODULES = YES;
				CLANG_ENABLE_OBJC_ARC = YES;
				CLANG_ENABLE_OBJC_WEAK = YES;
				CLANG_WARN_BLOCK_CAPTURE_AUTORELEASING = YES;
				CLANG_WARN_BOOL_CONVERSION = YES;
				CLANG_WARN_COMMA = YES;
				CLANG_WARN_CONSTANT_CONVERSION = YES;
				CLANG_WARN_DEPRECATED_OBJC_IMPLEMENTATIONS = YES;
				CLANG_WARN_DIRECT_OBJC_ISA_USAGE = YES_ERROR;
				CLANG_WARN_DOCUMENTATION_COMMENTS = YES;
				CLANG_WARN_EMPTY_BODY = YES;
				CLANG_WARN_ENUM_CONVERSION = YES;
				CLANG_WARN_INFINITE_RECURSION = YES;
				CLANG_WARN_INT_CONVERSION = YES;
				CLANG_WARN_NON_LITERAL_NULL_CONVERSION = YES;
				CLANG_WARN_OBJC_IMPLICIT_RETAIN_SELF = YES;
				CLANG_WARN_OBJC_LITERAL_CONVERSION = YES;
				CLANG_WARN_OBJC_ROOT_CLASS = YES_ERROR;
				CLANG_WARN_QUOTED_INCLUDE_IN_FRAMEWORK_HEADER = YES;
				CLANG_WARN_RANGE_LOOP_ANALYSIS = YES;
				CLANG_WARN_STRICT_PROTOTYPES = YES;
				CLANG_WARN_SUSPICIOUS_MOVE = YES;
				CLANG_WARN_UNGUARDED_AVAILABILITY = YES_AGGRESSIVE;
				CLANG_WARN_UNREACHABLE_CODE = YES;
				CLANG_WARN__DUPLICATE_METHOD_MATCH = YES;
				COPY_PHASE_STRIP = NO;
				DEBUG_INFORMATION_FORMAT = dwarf;
				ENABLE_STRICT_OBJC_MSGSEND = YES;
				ENABLE_TESTABILITY = YES;
				ENABLE_USER_SCRIPT_SANDBOXING = YES;
				GCC_C_LANGUAGE_STANDARD = gnu17;
				GCC_DYNAMIC_NO_PIC = NO;
				GCC_NO_COMMON_BLOCKS = YES;
				GCC_OPTIMIZATION_LEVEL = 0;
				GCC_PREPROCESSOR_DEFINITIONS = (
					"DEBUG=1",
					"$(inherited)",
				);
				GCC_WARN_64_TO_32_BIT_CONVERSION = YES;
				GCC_WARN_ABOUT_RETURN_TYPE = YES_ERROR;
				GCC_WARN_UNDECLARED_SELECTOR = YES;
				GCC_WARN_UNINITIALIZED_AUTOS = YES_AGGRESSIVE;
				GCC_WARN_UNUSED_FUNCTION = YES;
				GCC_WARN_UNUSED_VARIABLE = YES;
				IPHONEOS_DEPLOYMENT_TARGET = 18.2;
				LOCALIZATION_PREFERS_STRING_CATALOGS = YES;
				MTL_ENABLE_DEBUG_INFO = INCLUDE_SOURCE;
				MTL_FAST_MATH = YES;
				ONLY_ACTIVE_ARCH = YES;
				SDKROOT = iphoneos;
				SWIFT_ACTIVE_COMPILATION_CONDITIONS = "DEBUG $(inherited)";
				SWIFT_OPTIMIZATION_LEVEL = "-Onone";
			};
			name = "Debug(dev)";
		};
		BEFB83BC2D3D35A1000D9537 /* Release(dev) */ = {
			isa = XCBuildConfiguration;
			baseConfigurationReference = 2FA097C62D42A11000D01792 /* dev.xcconfig */;
			buildSettings = {
				ALWAYS_SEARCH_USER_PATHS = NO;
				ASSETCATALOG_COMPILER_GENERATE_SWIFT_ASSET_SYMBOL_EXTENSIONS = YES;
				CLANG_ANALYZER_NONNULL = YES;
				CLANG_ANALYZER_NUMBER_OBJECT_CONVERSION = YES_AGGRESSIVE;
				CLANG_CXX_LANGUAGE_STANDARD = "gnu++20";
				CLANG_ENABLE_MODULES = YES;
				CLANG_ENABLE_OBJC_ARC = YES;
				CLANG_ENABLE_OBJC_WEAK = YES;
				CLANG_WARN_BLOCK_CAPTURE_AUTORELEASING = YES;
				CLANG_WARN_BOOL_CONVERSION = YES;
				CLANG_WARN_COMMA = YES;
				CLANG_WARN_CONSTANT_CONVERSION = YES;
				CLANG_WARN_DEPRECATED_OBJC_IMPLEMENTATIONS = YES;
				CLANG_WARN_DIRECT_OBJC_ISA_USAGE = YES_ERROR;
				CLANG_WARN_DOCUMENTATION_COMMENTS = YES;
				CLANG_WARN_EMPTY_BODY = YES;
				CLANG_WARN_ENUM_CONVERSION = YES;
				CLANG_WARN_INFINITE_RECURSION = YES;
				CLANG_WARN_INT_CONVERSION = YES;
				CLANG_WARN_NON_LITERAL_NULL_CONVERSION = YES;
				CLANG_WARN_OBJC_IMPLICIT_RETAIN_SELF = YES;
				CLANG_WARN_OBJC_LITERAL_CONVERSION = YES;
				CLANG_WARN_OBJC_ROOT_CLASS = YES_ERROR;
				CLANG_WARN_QUOTED_INCLUDE_IN_FRAMEWORK_HEADER = YES;
				CLANG_WARN_RANGE_LOOP_ANALYSIS = YES;
				CLANG_WARN_STRICT_PROTOTYPES = YES;
				CLANG_WARN_SUSPICIOUS_MOVE = YES;
				CLANG_WARN_UNGUARDED_AVAILABILITY = YES_AGGRESSIVE;
				CLANG_WARN_UNREACHABLE_CODE = YES;
				CLANG_WARN__DUPLICATE_METHOD_MATCH = YES;
				COPY_PHASE_STRIP = NO;
				DEBUG_INFORMATION_FORMAT = "dwarf-with-dsym";
				ENABLE_NS_ASSERTIONS = NO;
				ENABLE_STRICT_OBJC_MSGSEND = YES;
				ENABLE_USER_SCRIPT_SANDBOXING = YES;
				GCC_C_LANGUAGE_STANDARD = gnu17;
				GCC_NO_COMMON_BLOCKS = YES;
				GCC_WARN_64_TO_32_BIT_CONVERSION = YES;
				GCC_WARN_ABOUT_RETURN_TYPE = YES_ERROR;
				GCC_WARN_UNDECLARED_SELECTOR = YES;
				GCC_WARN_UNINITIALIZED_AUTOS = YES_AGGRESSIVE;
				GCC_WARN_UNUSED_FUNCTION = YES;
				GCC_WARN_UNUSED_VARIABLE = YES;
				IPHONEOS_DEPLOYMENT_TARGET = 18.2;
				LOCALIZATION_PREFERS_STRING_CATALOGS = YES;
				MTL_ENABLE_DEBUG_INFO = NO;
				MTL_FAST_MATH = YES;
				SDKROOT = iphoneos;
				SWIFT_COMPILATION_MODE = wholemodule;
				VALIDATE_PRODUCT = YES;
			};
			name = "Release(dev)";
		};
		BEFB83BE2D3D35A1000D9537 /* Debug(dev) */ = {
			isa = XCBuildConfiguration;
			buildSettings = {
				ASSETCATALOG_COMPILER_APPICON_NAME = AppIcon_dev;
				ASSETCATALOG_COMPILER_GLOBAL_ACCENT_COLOR_NAME = AccentColor;
				CODE_SIGN_IDENTITY = "Apple Development";
				CODE_SIGN_STYLE = Automatic;
				CURRENT_PROJECT_VERSION = 4;
				DEVELOPMENT_ASSET_PATHS = "\"hongmumuk_SwiftUI/Preview Content\"";
				DEVELOPMENT_TEAM = 7HDHR2SNR7;
				ENABLE_APP_SANDBOX = NO;
				ENABLE_PREVIEWS = YES;
				ENABLE_USER_SCRIPT_SANDBOXING = NO;
				GENERATE_INFOPLIST_FILE = YES;
				INFOPLIST_FILE = "hongmumuk-SwiftUI-Info.plist";
				INFOPLIST_KEY_CFBundleDisplayName = "$(APP_NAME)";
				INFOPLIST_KEY_UIApplicationSceneManifest_Generation = YES;
				INFOPLIST_KEY_UIApplicationSupportsIndirectInputEvents = YES;
				INFOPLIST_KEY_UILaunchScreen_Generation = YES;
				INFOPLIST_KEY_UISupportedInterfaceOrientations_iPad = "UIInterfaceOrientationPortrait UIInterfaceOrientationPortraitUpsideDown UIInterfaceOrientationLandscapeLeft UIInterfaceOrientationLandscapeRight";
				INFOPLIST_KEY_UISupportedInterfaceOrientations_iPhone = "UIInterfaceOrientationPortrait UIInterfaceOrientationLandscapeLeft UIInterfaceOrientationLandscapeRight";
				LD_RUNPATH_SEARCH_PATHS = (
					"$(inherited)",
					"@executable_path/Frameworks",
				);
				MARKETING_VERSION = 1.0;
				PRODUCT_BUNDLE_IDENTIFIER = "$(APP_BUNDLE_ID)";
				PRODUCT_NAME = "$(TARGET_NAME)";
				PROVISIONING_PROFILE_SPECIFIER = "";
				SWIFT_EMIT_LOC_STRINGS = YES;
				SWIFT_VERSION = 5.0;
				TARGETED_DEVICE_FAMILY = "1,2";
			};
			name = "Debug(dev)";
		};
		BEFB83BF2D3D35A1000D9537 /* Release(dev) */ = {
			isa = XCBuildConfiguration;
			buildSettings = {
				ASSETCATALOG_COMPILER_APPICON_NAME = AppIcon_dev;
				ASSETCATALOG_COMPILER_GLOBAL_ACCENT_COLOR_NAME = AccentColor;
				CODE_SIGN_IDENTITY = "Apple Development";
				CODE_SIGN_STYLE = Automatic;
				CURRENT_PROJECT_VERSION = 4;
				DEVELOPMENT_ASSET_PATHS = "\"hongmumuk_SwiftUI/Preview Content\"";
				DEVELOPMENT_TEAM = 7HDHR2SNR7;
				ENABLE_APP_SANDBOX = NO;
				ENABLE_PREVIEWS = YES;
				ENABLE_USER_SCRIPT_SANDBOXING = NO;
				GENERATE_INFOPLIST_FILE = YES;
				INFOPLIST_FILE = "hongmumuk-SwiftUI-Info.plist";
				INFOPLIST_KEY_CFBundleDisplayName = "$(APP_NAME)";
				INFOPLIST_KEY_UIApplicationSceneManifest_Generation = YES;
				INFOPLIST_KEY_UIApplicationSupportsIndirectInputEvents = YES;
				INFOPLIST_KEY_UILaunchScreen_Generation = YES;
				INFOPLIST_KEY_UISupportedInterfaceOrientations_iPad = "UIInterfaceOrientationPortrait UIInterfaceOrientationPortraitUpsideDown UIInterfaceOrientationLandscapeLeft UIInterfaceOrientationLandscapeRight";
				INFOPLIST_KEY_UISupportedInterfaceOrientations_iPhone = "UIInterfaceOrientationPortrait UIInterfaceOrientationLandscapeLeft UIInterfaceOrientationLandscapeRight";
				LD_RUNPATH_SEARCH_PATHS = (
					"$(inherited)",
					"@executable_path/Frameworks",
				);
				MARKETING_VERSION = 1.0;
				PRODUCT_BUNDLE_IDENTIFIER = "$(APP_BUNDLE_ID)";
				PRODUCT_NAME = "$(TARGET_NAME)";
				PROVISIONING_PROFILE_SPECIFIER = "";
				SWIFT_EMIT_LOC_STRINGS = YES;
				SWIFT_VERSION = 5.0;
				TARGETED_DEVICE_FAMILY = "1,2";
			};
			name = "Release(dev)";
		};
		BEFB83C12D3D35A1000D9537 /* Debug(dev) */ = {
			isa = XCBuildConfiguration;
			buildSettings = {
				BUNDLE_LOADER = "$(TEST_HOST)";
				CODE_SIGN_STYLE = Automatic;
				CURRENT_PROJECT_VERSION = 4;
				DEVELOPMENT_TEAM = 7HDHR2SNR7;
				GENERATE_INFOPLIST_FILE = YES;
				IPHONEOS_DEPLOYMENT_TARGET = 18.2;
				MARKETING_VERSION = 1.0;
				PRODUCT_BUNDLE_IDENTIFIER = "com.hongmumuk-SwiftUITests";
				PRODUCT_NAME = "$(TARGET_NAME)";
				SWIFT_EMIT_LOC_STRINGS = NO;
				SWIFT_VERSION = 5.0;
				TARGETED_DEVICE_FAMILY = "1,2";
				TEST_HOST = "$(BUILT_PRODUCTS_DIR)/hongmumuk_SwiftUI.app/$(BUNDLE_EXECUTABLE_FOLDER_PATH)/hongmumuk_SwiftUI";
			};
			name = "Debug(dev)";
		};
		BEFB83C22D3D35A1000D9537 /* Release(dev) */ = {
			isa = XCBuildConfiguration;
			buildSettings = {
				BUNDLE_LOADER = "$(TEST_HOST)";
				CODE_SIGN_STYLE = Automatic;
				CURRENT_PROJECT_VERSION = 4;
				DEVELOPMENT_TEAM = 7HDHR2SNR7;
				GENERATE_INFOPLIST_FILE = YES;
				IPHONEOS_DEPLOYMENT_TARGET = 18.2;
				MARKETING_VERSION = 1.0;
				PRODUCT_BUNDLE_IDENTIFIER = "com.hongmumuk-SwiftUITests";
				PRODUCT_NAME = "$(TARGET_NAME)";
				SWIFT_EMIT_LOC_STRINGS = NO;
				SWIFT_VERSION = 5.0;
				TARGETED_DEVICE_FAMILY = "1,2";
				TEST_HOST = "$(BUILT_PRODUCTS_DIR)/hongmumuk_SwiftUI.app/$(BUNDLE_EXECUTABLE_FOLDER_PATH)/hongmumuk_SwiftUI";
			};
			name = "Release(dev)";
		};
		BEFB83C42D3D35A1000D9537 /* Debug(dev) */ = {
			isa = XCBuildConfiguration;
			buildSettings = {
				CODE_SIGN_STYLE = Automatic;
				CURRENT_PROJECT_VERSION = 4;
				DEVELOPMENT_TEAM = 7HDHR2SNR7;
				GENERATE_INFOPLIST_FILE = YES;
				MARKETING_VERSION = 1.0;
				PRODUCT_BUNDLE_IDENTIFIER = "com.hongmumuk-SwiftUIUITests";
				PRODUCT_NAME = "$(TARGET_NAME)";
				SWIFT_EMIT_LOC_STRINGS = NO;
				SWIFT_VERSION = 5.0;
				TARGETED_DEVICE_FAMILY = "1,2";
				TEST_TARGET_NAME = hongmumuk_SwiftUI;
			};
			name = "Debug(dev)";
		};
		BEFB83C52D3D35A1000D9537 /* Release(dev) */ = {
			isa = XCBuildConfiguration;
			buildSettings = {
				CODE_SIGN_STYLE = Automatic;
				CURRENT_PROJECT_VERSION = 4;
				DEVELOPMENT_TEAM = 7HDHR2SNR7;
				GENERATE_INFOPLIST_FILE = YES;
				MARKETING_VERSION = 1.0;
				PRODUCT_BUNDLE_IDENTIFIER = "com.hongmumuk-SwiftUIUITests";
				PRODUCT_NAME = "$(TARGET_NAME)";
				SWIFT_EMIT_LOC_STRINGS = NO;
				SWIFT_VERSION = 5.0;
				TARGETED_DEVICE_FAMILY = "1,2";
				TEST_TARGET_NAME = hongmumuk_SwiftUI;
			};
			name = "Release(dev)";
		};
		BEFB83DC2D3D37A1000D9537 /* Debug(prod) */ = {
			isa = XCBuildConfiguration;
			baseConfigurationReference = 2FA097C72D42A11000D01792 /* prod.xcconfig */;
			buildSettings = {
				ALWAYS_SEARCH_USER_PATHS = NO;
				ASSETCATALOG_COMPILER_GENERATE_SWIFT_ASSET_SYMBOL_EXTENSIONS = YES;
				CLANG_ANALYZER_NONNULL = YES;
				CLANG_ANALYZER_NUMBER_OBJECT_CONVERSION = YES_AGGRESSIVE;
				CLANG_CXX_LANGUAGE_STANDARD = "gnu++20";
				CLANG_ENABLE_MODULES = YES;
				CLANG_ENABLE_OBJC_ARC = YES;
				CLANG_ENABLE_OBJC_WEAK = YES;
				CLANG_WARN_BLOCK_CAPTURE_AUTORELEASING = YES;
				CLANG_WARN_BOOL_CONVERSION = YES;
				CLANG_WARN_COMMA = YES;
				CLANG_WARN_CONSTANT_CONVERSION = YES;
				CLANG_WARN_DEPRECATED_OBJC_IMPLEMENTATIONS = YES;
				CLANG_WARN_DIRECT_OBJC_ISA_USAGE = YES_ERROR;
				CLANG_WARN_DOCUMENTATION_COMMENTS = YES;
				CLANG_WARN_EMPTY_BODY = YES;
				CLANG_WARN_ENUM_CONVERSION = YES;
				CLANG_WARN_INFINITE_RECURSION = YES;
				CLANG_WARN_INT_CONVERSION = YES;
				CLANG_WARN_NON_LITERAL_NULL_CONVERSION = YES;
				CLANG_WARN_OBJC_IMPLICIT_RETAIN_SELF = YES;
				CLANG_WARN_OBJC_LITERAL_CONVERSION = YES;
				CLANG_WARN_OBJC_ROOT_CLASS = YES_ERROR;
				CLANG_WARN_QUOTED_INCLUDE_IN_FRAMEWORK_HEADER = YES;
				CLANG_WARN_RANGE_LOOP_ANALYSIS = YES;
				CLANG_WARN_STRICT_PROTOTYPES = YES;
				CLANG_WARN_SUSPICIOUS_MOVE = YES;
				CLANG_WARN_UNGUARDED_AVAILABILITY = YES_AGGRESSIVE;
				CLANG_WARN_UNREACHABLE_CODE = YES;
				CLANG_WARN__DUPLICATE_METHOD_MATCH = YES;
				COPY_PHASE_STRIP = NO;
				DEBUG_INFORMATION_FORMAT = dwarf;
				ENABLE_STRICT_OBJC_MSGSEND = YES;
				ENABLE_TESTABILITY = YES;
				ENABLE_USER_SCRIPT_SANDBOXING = YES;
				GCC_C_LANGUAGE_STANDARD = gnu17;
				GCC_DYNAMIC_NO_PIC = NO;
				GCC_NO_COMMON_BLOCKS = YES;
				GCC_OPTIMIZATION_LEVEL = 0;
				GCC_PREPROCESSOR_DEFINITIONS = (
					"DEBUG=1",
					"$(inherited)",
				);
				GCC_WARN_64_TO_32_BIT_CONVERSION = YES;
				GCC_WARN_ABOUT_RETURN_TYPE = YES_ERROR;
				GCC_WARN_UNDECLARED_SELECTOR = YES;
				GCC_WARN_UNINITIALIZED_AUTOS = YES_AGGRESSIVE;
				GCC_WARN_UNUSED_FUNCTION = YES;
				GCC_WARN_UNUSED_VARIABLE = YES;
				IPHONEOS_DEPLOYMENT_TARGET = 18.2;
				LOCALIZATION_PREFERS_STRING_CATALOGS = YES;
				MTL_ENABLE_DEBUG_INFO = INCLUDE_SOURCE;
				MTL_FAST_MATH = YES;
				ONLY_ACTIVE_ARCH = YES;
				SDKROOT = iphoneos;
				SWIFT_ACTIVE_COMPILATION_CONDITIONS = "DEBUG $(inherited)";
				SWIFT_OPTIMIZATION_LEVEL = "-Onone";
			};
			name = "Debug(prod)";
		};
		BEFB83DD2D3D37A1000D9537 /* Debug(prod) */ = {
			isa = XCBuildConfiguration;
			buildSettings = {
				ASSETCATALOG_COMPILER_APPICON_NAME = AppIcon;
				ASSETCATALOG_COMPILER_GLOBAL_ACCENT_COLOR_NAME = AccentColor;
				CODE_SIGN_IDENTITY = "Apple Development";
				CODE_SIGN_STYLE = Automatic;
				CURRENT_PROJECT_VERSION = 4;
				DEVELOPMENT_ASSET_PATHS = "\"hongmumuk_SwiftUI/Preview Content\"";
				DEVELOPMENT_TEAM = 7HDHR2SNR7;
				ENABLE_APP_SANDBOX = NO;
				ENABLE_PREVIEWS = YES;
				ENABLE_USER_SCRIPT_SANDBOXING = NO;
				GENERATE_INFOPLIST_FILE = YES;
				INFOPLIST_FILE = "hongmumuk-SwiftUI-Info.plist";
				INFOPLIST_KEY_CFBundleDisplayName = "$(APP_NAME)";
				INFOPLIST_KEY_UIApplicationSceneManifest_Generation = YES;
				INFOPLIST_KEY_UIApplicationSupportsIndirectInputEvents = YES;
				INFOPLIST_KEY_UILaunchScreen_Generation = YES;
				INFOPLIST_KEY_UISupportedInterfaceOrientations_iPad = "UIInterfaceOrientationPortrait UIInterfaceOrientationPortraitUpsideDown UIInterfaceOrientationLandscapeLeft UIInterfaceOrientationLandscapeRight";
				INFOPLIST_KEY_UISupportedInterfaceOrientations_iPhone = "UIInterfaceOrientationPortrait UIInterfaceOrientationLandscapeLeft UIInterfaceOrientationLandscapeRight";
				LD_RUNPATH_SEARCH_PATHS = (
					"$(inherited)",
					"@executable_path/Frameworks",
				);
				MARKETING_VERSION = 1.0;
				PRODUCT_BUNDLE_IDENTIFIER = "$(APP_BUNDLE_ID)";
				PRODUCT_NAME = "$(TARGET_NAME)";
				PROVISIONING_PROFILE_SPECIFIER = "";
				SWIFT_EMIT_LOC_STRINGS = YES;
				SWIFT_VERSION = 5.0;
				TARGETED_DEVICE_FAMILY = "1,2";
			};
			name = "Debug(prod)";
		};
		BEFB83DE2D3D37A1000D9537 /* Debug(prod) */ = {
			isa = XCBuildConfiguration;
			buildSettings = {
				BUNDLE_LOADER = "$(TEST_HOST)";
				CODE_SIGN_STYLE = Automatic;
				CURRENT_PROJECT_VERSION = 4;
				DEVELOPMENT_TEAM = 7HDHR2SNR7;
				GENERATE_INFOPLIST_FILE = YES;
				IPHONEOS_DEPLOYMENT_TARGET = 18.2;
				MARKETING_VERSION = 1.0;
				PRODUCT_BUNDLE_IDENTIFIER = "com.hongmumuk-SwiftUITests";
				PRODUCT_NAME = "$(TARGET_NAME)";
				SWIFT_EMIT_LOC_STRINGS = NO;
				SWIFT_VERSION = 5.0;
				TARGETED_DEVICE_FAMILY = "1,2";
				TEST_HOST = "$(BUILT_PRODUCTS_DIR)/hongmumuk_SwiftUI.app/$(BUNDLE_EXECUTABLE_FOLDER_PATH)/hongmumuk_SwiftUI";
			};
			name = "Debug(prod)";
		};
		BEFB83DF2D3D37A1000D9537 /* Debug(prod) */ = {
			isa = XCBuildConfiguration;
			buildSettings = {
				CODE_SIGN_STYLE = Automatic;
				CURRENT_PROJECT_VERSION = 4;
				DEVELOPMENT_TEAM = 7HDHR2SNR7;
				GENERATE_INFOPLIST_FILE = YES;
				MARKETING_VERSION = 1.0;
				PRODUCT_BUNDLE_IDENTIFIER = "com.hongmumuk-SwiftUIUITests";
				PRODUCT_NAME = "$(TARGET_NAME)";
				SWIFT_EMIT_LOC_STRINGS = NO;
				SWIFT_VERSION = 5.0;
				TARGETED_DEVICE_FAMILY = "1,2";
				TEST_TARGET_NAME = hongmumuk_SwiftUI;
			};
			name = "Debug(prod)";
		};
		BEFB83E02D3D37A2000D9537 /* Debug(stag) */ = {
			isa = XCBuildConfiguration;
			baseConfigurationReference = 2FA097C82D42A11000D01792 /* stag.xcconfig */;
			buildSettings = {
				ALWAYS_SEARCH_USER_PATHS = NO;
				ASSETCATALOG_COMPILER_GENERATE_SWIFT_ASSET_SYMBOL_EXTENSIONS = YES;
				CLANG_ANALYZER_NONNULL = YES;
				CLANG_ANALYZER_NUMBER_OBJECT_CONVERSION = YES_AGGRESSIVE;
				CLANG_CXX_LANGUAGE_STANDARD = "gnu++20";
				CLANG_ENABLE_MODULES = YES;
				CLANG_ENABLE_OBJC_ARC = YES;
				CLANG_ENABLE_OBJC_WEAK = YES;
				CLANG_WARN_BLOCK_CAPTURE_AUTORELEASING = YES;
				CLANG_WARN_BOOL_CONVERSION = YES;
				CLANG_WARN_COMMA = YES;
				CLANG_WARN_CONSTANT_CONVERSION = YES;
				CLANG_WARN_DEPRECATED_OBJC_IMPLEMENTATIONS = YES;
				CLANG_WARN_DIRECT_OBJC_ISA_USAGE = YES_ERROR;
				CLANG_WARN_DOCUMENTATION_COMMENTS = YES;
				CLANG_WARN_EMPTY_BODY = YES;
				CLANG_WARN_ENUM_CONVERSION = YES;
				CLANG_WARN_INFINITE_RECURSION = YES;
				CLANG_WARN_INT_CONVERSION = YES;
				CLANG_WARN_NON_LITERAL_NULL_CONVERSION = YES;
				CLANG_WARN_OBJC_IMPLICIT_RETAIN_SELF = YES;
				CLANG_WARN_OBJC_LITERAL_CONVERSION = YES;
				CLANG_WARN_OBJC_ROOT_CLASS = YES_ERROR;
				CLANG_WARN_QUOTED_INCLUDE_IN_FRAMEWORK_HEADER = YES;
				CLANG_WARN_RANGE_LOOP_ANALYSIS = YES;
				CLANG_WARN_STRICT_PROTOTYPES = YES;
				CLANG_WARN_SUSPICIOUS_MOVE = YES;
				CLANG_WARN_UNGUARDED_AVAILABILITY = YES_AGGRESSIVE;
				CLANG_WARN_UNREACHABLE_CODE = YES;
				CLANG_WARN__DUPLICATE_METHOD_MATCH = YES;
				COPY_PHASE_STRIP = NO;
				DEBUG_INFORMATION_FORMAT = dwarf;
				ENABLE_STRICT_OBJC_MSGSEND = YES;
				ENABLE_TESTABILITY = YES;
				ENABLE_USER_SCRIPT_SANDBOXING = YES;
				GCC_C_LANGUAGE_STANDARD = gnu17;
				GCC_DYNAMIC_NO_PIC = NO;
				GCC_NO_COMMON_BLOCKS = YES;
				GCC_OPTIMIZATION_LEVEL = 0;
				GCC_PREPROCESSOR_DEFINITIONS = (
					"DEBUG=1",
					"$(inherited)",
				);
				GCC_WARN_64_TO_32_BIT_CONVERSION = YES;
				GCC_WARN_ABOUT_RETURN_TYPE = YES_ERROR;
				GCC_WARN_UNDECLARED_SELECTOR = YES;
				GCC_WARN_UNINITIALIZED_AUTOS = YES_AGGRESSIVE;
				GCC_WARN_UNUSED_FUNCTION = YES;
				GCC_WARN_UNUSED_VARIABLE = YES;
				IPHONEOS_DEPLOYMENT_TARGET = 18.2;
				LOCALIZATION_PREFERS_STRING_CATALOGS = YES;
				MTL_ENABLE_DEBUG_INFO = INCLUDE_SOURCE;
				MTL_FAST_MATH = YES;
				ONLY_ACTIVE_ARCH = YES;
				SDKROOT = iphoneos;
				SWIFT_ACTIVE_COMPILATION_CONDITIONS = "DEBUG $(inherited)";
				SWIFT_OPTIMIZATION_LEVEL = "-Onone";
			};
			name = "Debug(stag)";
		};
		BEFB83E12D3D37A2000D9537 /* Debug(stag) */ = {
			isa = XCBuildConfiguration;
			buildSettings = {
				ASSETCATALOG_COMPILER_APPICON_NAME = AppIcon_stag;
				ASSETCATALOG_COMPILER_GLOBAL_ACCENT_COLOR_NAME = AccentColor;
				CODE_SIGN_IDENTITY = "Apple Development";
				CODE_SIGN_STYLE = Automatic;
				CURRENT_PROJECT_VERSION = 4;
				DEVELOPMENT_ASSET_PATHS = "\"hongmumuk_SwiftUI/Preview Content\"";
				DEVELOPMENT_TEAM = 7HDHR2SNR7;
				ENABLE_APP_SANDBOX = NO;
				ENABLE_PREVIEWS = YES;
				ENABLE_USER_SCRIPT_SANDBOXING = NO;
				GENERATE_INFOPLIST_FILE = YES;
				INFOPLIST_FILE = "hongmumuk-SwiftUI-Info.plist";
				INFOPLIST_KEY_CFBundleDisplayName = "$(APP_NAME)";
				INFOPLIST_KEY_UIApplicationSceneManifest_Generation = YES;
				INFOPLIST_KEY_UIApplicationSupportsIndirectInputEvents = YES;
				INFOPLIST_KEY_UILaunchScreen_Generation = YES;
				INFOPLIST_KEY_UISupportedInterfaceOrientations_iPad = "UIInterfaceOrientationPortrait UIInterfaceOrientationPortraitUpsideDown UIInterfaceOrientationLandscapeLeft UIInterfaceOrientationLandscapeRight";
				INFOPLIST_KEY_UISupportedInterfaceOrientations_iPhone = "UIInterfaceOrientationPortrait UIInterfaceOrientationLandscapeLeft UIInterfaceOrientationLandscapeRight";
				LD_RUNPATH_SEARCH_PATHS = (
					"$(inherited)",
					"@executable_path/Frameworks",
				);
				MARKETING_VERSION = 1.0;
				PRODUCT_BUNDLE_IDENTIFIER = "$(APP_BUNDLE_ID)";
				PRODUCT_NAME = "$(TARGET_NAME)";
				PROVISIONING_PROFILE_SPECIFIER = "";
				SWIFT_EMIT_LOC_STRINGS = YES;
				SWIFT_VERSION = 5.0;
				TARGETED_DEVICE_FAMILY = "1,2";
			};
			name = "Debug(stag)";
		};
		BEFB83E22D3D37A2000D9537 /* Debug(stag) */ = {
			isa = XCBuildConfiguration;
			buildSettings = {
				BUNDLE_LOADER = "$(TEST_HOST)";
				CODE_SIGN_STYLE = Automatic;
				CURRENT_PROJECT_VERSION = 4;
				DEVELOPMENT_TEAM = 7HDHR2SNR7;
				GENERATE_INFOPLIST_FILE = YES;
				IPHONEOS_DEPLOYMENT_TARGET = 18.2;
				MARKETING_VERSION = 1.0;
				PRODUCT_BUNDLE_IDENTIFIER = "com.hongmumuk-SwiftUITests";
				PRODUCT_NAME = "$(TARGET_NAME)";
				SWIFT_EMIT_LOC_STRINGS = NO;
				SWIFT_VERSION = 5.0;
				TARGETED_DEVICE_FAMILY = "1,2";
				TEST_HOST = "$(BUILT_PRODUCTS_DIR)/hongmumuk_SwiftUI.app/$(BUNDLE_EXECUTABLE_FOLDER_PATH)/hongmumuk_SwiftUI";
			};
			name = "Debug(stag)";
		};
		BEFB83E32D3D37A2000D9537 /* Debug(stag) */ = {
			isa = XCBuildConfiguration;
			buildSettings = {
				CODE_SIGN_STYLE = Automatic;
				CURRENT_PROJECT_VERSION = 4;
				DEVELOPMENT_TEAM = 7HDHR2SNR7;
				GENERATE_INFOPLIST_FILE = YES;
				MARKETING_VERSION = 1.0;
				PRODUCT_BUNDLE_IDENTIFIER = "com.hongmumuk-SwiftUIUITests";
				PRODUCT_NAME = "$(TARGET_NAME)";
				SWIFT_EMIT_LOC_STRINGS = NO;
				SWIFT_VERSION = 5.0;
				TARGETED_DEVICE_FAMILY = "1,2";
				TEST_TARGET_NAME = hongmumuk_SwiftUI;
			};
			name = "Debug(stag)";
		};
		BEFB83E42D3D37A5000D9537 /* Release(prod) */ = {
			isa = XCBuildConfiguration;
			baseConfigurationReference = 2FA097C72D42A11000D01792 /* prod.xcconfig */;
			buildSettings = {
				ALWAYS_SEARCH_USER_PATHS = NO;
				ASSETCATALOG_COMPILER_GENERATE_SWIFT_ASSET_SYMBOL_EXTENSIONS = YES;
				CLANG_ANALYZER_NONNULL = YES;
				CLANG_ANALYZER_NUMBER_OBJECT_CONVERSION = YES_AGGRESSIVE;
				CLANG_CXX_LANGUAGE_STANDARD = "gnu++20";
				CLANG_ENABLE_MODULES = YES;
				CLANG_ENABLE_OBJC_ARC = YES;
				CLANG_ENABLE_OBJC_WEAK = YES;
				CLANG_WARN_BLOCK_CAPTURE_AUTORELEASING = YES;
				CLANG_WARN_BOOL_CONVERSION = YES;
				CLANG_WARN_COMMA = YES;
				CLANG_WARN_CONSTANT_CONVERSION = YES;
				CLANG_WARN_DEPRECATED_OBJC_IMPLEMENTATIONS = YES;
				CLANG_WARN_DIRECT_OBJC_ISA_USAGE = YES_ERROR;
				CLANG_WARN_DOCUMENTATION_COMMENTS = YES;
				CLANG_WARN_EMPTY_BODY = YES;
				CLANG_WARN_ENUM_CONVERSION = YES;
				CLANG_WARN_INFINITE_RECURSION = YES;
				CLANG_WARN_INT_CONVERSION = YES;
				CLANG_WARN_NON_LITERAL_NULL_CONVERSION = YES;
				CLANG_WARN_OBJC_IMPLICIT_RETAIN_SELF = YES;
				CLANG_WARN_OBJC_LITERAL_CONVERSION = YES;
				CLANG_WARN_OBJC_ROOT_CLASS = YES_ERROR;
				CLANG_WARN_QUOTED_INCLUDE_IN_FRAMEWORK_HEADER = YES;
				CLANG_WARN_RANGE_LOOP_ANALYSIS = YES;
				CLANG_WARN_STRICT_PROTOTYPES = YES;
				CLANG_WARN_SUSPICIOUS_MOVE = YES;
				CLANG_WARN_UNGUARDED_AVAILABILITY = YES_AGGRESSIVE;
				CLANG_WARN_UNREACHABLE_CODE = YES;
				CLANG_WARN__DUPLICATE_METHOD_MATCH = YES;
				COPY_PHASE_STRIP = NO;
				DEBUG_INFORMATION_FORMAT = "dwarf-with-dsym";
				ENABLE_NS_ASSERTIONS = NO;
				ENABLE_STRICT_OBJC_MSGSEND = YES;
				ENABLE_USER_SCRIPT_SANDBOXING = YES;
				GCC_C_LANGUAGE_STANDARD = gnu17;
				GCC_NO_COMMON_BLOCKS = YES;
				GCC_WARN_64_TO_32_BIT_CONVERSION = YES;
				GCC_WARN_ABOUT_RETURN_TYPE = YES_ERROR;
				GCC_WARN_UNDECLARED_SELECTOR = YES;
				GCC_WARN_UNINITIALIZED_AUTOS = YES_AGGRESSIVE;
				GCC_WARN_UNUSED_FUNCTION = YES;
				GCC_WARN_UNUSED_VARIABLE = YES;
				IPHONEOS_DEPLOYMENT_TARGET = 18.2;
				LOCALIZATION_PREFERS_STRING_CATALOGS = YES;
				MTL_ENABLE_DEBUG_INFO = NO;
				MTL_FAST_MATH = YES;
				SDKROOT = iphoneos;
				SWIFT_COMPILATION_MODE = wholemodule;
				VALIDATE_PRODUCT = YES;
			};
			name = "Release(prod)";
		};
		BEFB83E52D3D37A5000D9537 /* Release(prod) */ = {
			isa = XCBuildConfiguration;
			buildSettings = {
				ASSETCATALOG_COMPILER_APPICON_NAME = AppIcon;
				ASSETCATALOG_COMPILER_GLOBAL_ACCENT_COLOR_NAME = AccentColor;
				CODE_SIGN_IDENTITY = "Apple Distribution: dongwan ryoo (7HDHR2SNR7)";
				"CODE_SIGN_IDENTITY[sdk=iphoneos*]" = "iPhone Distribution";
				CODE_SIGN_STYLE = Manual;
				CURRENT_PROJECT_VERSION = 4;
				DEVELOPMENT_ASSET_PATHS = "\"hongmumuk_SwiftUI/Preview Content\"";
				DEVELOPMENT_TEAM = "";
				"DEVELOPMENT_TEAM[sdk=iphoneos*]" = 7HDHR2SNR7;
				ENABLE_APP_SANDBOX = NO;
				ENABLE_PREVIEWS = YES;
				ENABLE_USER_SCRIPT_SANDBOXING = NO;
				GENERATE_INFOPLIST_FILE = YES;
				INFOPLIST_FILE = "hongmumuk-SwiftUI-Info.plist";
				INFOPLIST_KEY_CFBundleDisplayName = "$(APP_NAME)";
				INFOPLIST_KEY_UIApplicationSceneManifest_Generation = YES;
				INFOPLIST_KEY_UIApplicationSupportsIndirectInputEvents = YES;
				INFOPLIST_KEY_UILaunchScreen_Generation = YES;
				INFOPLIST_KEY_UISupportedInterfaceOrientations_iPad = "UIInterfaceOrientationPortrait UIInterfaceOrientationPortraitUpsideDown UIInterfaceOrientationLandscapeLeft UIInterfaceOrientationLandscapeRight";
				INFOPLIST_KEY_UISupportedInterfaceOrientations_iPhone = "UIInterfaceOrientationPortrait UIInterfaceOrientationLandscapeLeft UIInterfaceOrientationLandscapeRight";
				LD_RUNPATH_SEARCH_PATHS = (
					"$(inherited)",
					"@executable_path/Frameworks",
				);
				MARKETING_VERSION = 1.0;
				PRODUCT_BUNDLE_IDENTIFIER = "$(APP_BUNDLE_ID)";
				PRODUCT_NAME = "$(TARGET_NAME)";
				PROVISIONING_PROFILE_SPECIFIER = "";
				"PROVISIONING_PROFILE_SPECIFIER[sdk=iphoneos*]" = "match AppStore com.INTP.hogmumuk";
				SWIFT_EMIT_LOC_STRINGS = YES;
				SWIFT_VERSION = 5.0;
				TARGETED_DEVICE_FAMILY = "1,2";
			};
			name = "Release(prod)";
		};
		BEFB83E62D3D37A5000D9537 /* Release(prod) */ = {
			isa = XCBuildConfiguration;
			buildSettings = {
				BUNDLE_LOADER = "$(TEST_HOST)";
				CODE_SIGN_STYLE = Automatic;
				CURRENT_PROJECT_VERSION = 4;
				DEVELOPMENT_TEAM = 7HDHR2SNR7;
				GENERATE_INFOPLIST_FILE = YES;
				IPHONEOS_DEPLOYMENT_TARGET = 18.2;
				MARKETING_VERSION = 1.0;
				PRODUCT_BUNDLE_IDENTIFIER = "com.hongmumuk-SwiftUITests";
				PRODUCT_NAME = "$(TARGET_NAME)";
				SWIFT_EMIT_LOC_STRINGS = NO;
				SWIFT_VERSION = 5.0;
				TARGETED_DEVICE_FAMILY = "1,2";
				TEST_HOST = "$(BUILT_PRODUCTS_DIR)/hongmumuk_SwiftUI.app/$(BUNDLE_EXECUTABLE_FOLDER_PATH)/hongmumuk_SwiftUI";
			};
			name = "Release(prod)";
		};
		BEFB83E72D3D37A5000D9537 /* Release(prod) */ = {
			isa = XCBuildConfiguration;
			buildSettings = {
				CODE_SIGN_STYLE = Automatic;
				CURRENT_PROJECT_VERSION = 4;
				DEVELOPMENT_TEAM = 7HDHR2SNR7;
				GENERATE_INFOPLIST_FILE = YES;
				MARKETING_VERSION = 1.0;
				PRODUCT_BUNDLE_IDENTIFIER = "com.hongmumuk-SwiftUIUITests";
				PRODUCT_NAME = "$(TARGET_NAME)";
				SWIFT_EMIT_LOC_STRINGS = NO;
				SWIFT_VERSION = 5.0;
				TARGETED_DEVICE_FAMILY = "1,2";
				TEST_TARGET_NAME = hongmumuk_SwiftUI;
			};
			name = "Release(prod)";
		};
		BEFB83E82D3D37A7000D9537 /* Release(stag) */ = {
			isa = XCBuildConfiguration;
			baseConfigurationReference = 2FA097C82D42A11000D01792 /* stag.xcconfig */;
			buildSettings = {
				ALWAYS_SEARCH_USER_PATHS = NO;
				ASSETCATALOG_COMPILER_GENERATE_SWIFT_ASSET_SYMBOL_EXTENSIONS = YES;
				CLANG_ANALYZER_NONNULL = YES;
				CLANG_ANALYZER_NUMBER_OBJECT_CONVERSION = YES_AGGRESSIVE;
				CLANG_CXX_LANGUAGE_STANDARD = "gnu++20";
				CLANG_ENABLE_MODULES = YES;
				CLANG_ENABLE_OBJC_ARC = YES;
				CLANG_ENABLE_OBJC_WEAK = YES;
				CLANG_WARN_BLOCK_CAPTURE_AUTORELEASING = YES;
				CLANG_WARN_BOOL_CONVERSION = YES;
				CLANG_WARN_COMMA = YES;
				CLANG_WARN_CONSTANT_CONVERSION = YES;
				CLANG_WARN_DEPRECATED_OBJC_IMPLEMENTATIONS = YES;
				CLANG_WARN_DIRECT_OBJC_ISA_USAGE = YES_ERROR;
				CLANG_WARN_DOCUMENTATION_COMMENTS = YES;
				CLANG_WARN_EMPTY_BODY = YES;
				CLANG_WARN_ENUM_CONVERSION = YES;
				CLANG_WARN_INFINITE_RECURSION = YES;
				CLANG_WARN_INT_CONVERSION = YES;
				CLANG_WARN_NON_LITERAL_NULL_CONVERSION = YES;
				CLANG_WARN_OBJC_IMPLICIT_RETAIN_SELF = YES;
				CLANG_WARN_OBJC_LITERAL_CONVERSION = YES;
				CLANG_WARN_OBJC_ROOT_CLASS = YES_ERROR;
				CLANG_WARN_QUOTED_INCLUDE_IN_FRAMEWORK_HEADER = YES;
				CLANG_WARN_RANGE_LOOP_ANALYSIS = YES;
				CLANG_WARN_STRICT_PROTOTYPES = YES;
				CLANG_WARN_SUSPICIOUS_MOVE = YES;
				CLANG_WARN_UNGUARDED_AVAILABILITY = YES_AGGRESSIVE;
				CLANG_WARN_UNREACHABLE_CODE = YES;
				CLANG_WARN__DUPLICATE_METHOD_MATCH = YES;
				COPY_PHASE_STRIP = NO;
				DEBUG_INFORMATION_FORMAT = "dwarf-with-dsym";
				ENABLE_NS_ASSERTIONS = NO;
				ENABLE_STRICT_OBJC_MSGSEND = YES;
				ENABLE_USER_SCRIPT_SANDBOXING = YES;
				GCC_C_LANGUAGE_STANDARD = gnu17;
				GCC_NO_COMMON_BLOCKS = YES;
				GCC_WARN_64_TO_32_BIT_CONVERSION = YES;
				GCC_WARN_ABOUT_RETURN_TYPE = YES_ERROR;
				GCC_WARN_UNDECLARED_SELECTOR = YES;
				GCC_WARN_UNINITIALIZED_AUTOS = YES_AGGRESSIVE;
				GCC_WARN_UNUSED_FUNCTION = YES;
				GCC_WARN_UNUSED_VARIABLE = YES;
				IPHONEOS_DEPLOYMENT_TARGET = 18.2;
				LOCALIZATION_PREFERS_STRING_CATALOGS = YES;
				MTL_ENABLE_DEBUG_INFO = NO;
				MTL_FAST_MATH = YES;
				SDKROOT = iphoneos;
				SWIFT_COMPILATION_MODE = wholemodule;
				VALIDATE_PRODUCT = YES;
			};
			name = "Release(stag)";
		};
		BEFB83E92D3D37A7000D9537 /* Release(stag) */ = {
			isa = XCBuildConfiguration;
			buildSettings = {
				ASSETCATALOG_COMPILER_APPICON_NAME = AppIcon_stag;
				ASSETCATALOG_COMPILER_GLOBAL_ACCENT_COLOR_NAME = AccentColor;
				CODE_SIGN_IDENTITY = "Apple Distribution: dongwan ryoo (7HDHR2SNR7)";
				"CODE_SIGN_IDENTITY[sdk=iphoneos*]" = "iPhone Distribution";
				CODE_SIGN_STYLE = Manual;
				CURRENT_PROJECT_VERSION = 4;
				DEVELOPMENT_ASSET_PATHS = "\"hongmumuk_SwiftUI/Preview Content\"";
				DEVELOPMENT_TEAM = "";
				"DEVELOPMENT_TEAM[sdk=iphoneos*]" = 7HDHR2SNR7;
				ENABLE_APP_SANDBOX = NO;
				ENABLE_PREVIEWS = YES;
				ENABLE_USER_SCRIPT_SANDBOXING = NO;
				GENERATE_INFOPLIST_FILE = YES;
				INFOPLIST_FILE = "hongmumuk-SwiftUI-Info.plist";
				INFOPLIST_KEY_CFBundleDisplayName = "$(APP_NAME)";
				INFOPLIST_KEY_UIApplicationSceneManifest_Generation = YES;
				INFOPLIST_KEY_UIApplicationSupportsIndirectInputEvents = YES;
				INFOPLIST_KEY_UILaunchScreen_Generation = YES;
				INFOPLIST_KEY_UISupportedInterfaceOrientations_iPad = "UIInterfaceOrientationPortrait UIInterfaceOrientationPortraitUpsideDown UIInterfaceOrientationLandscapeLeft UIInterfaceOrientationLandscapeRight";
				INFOPLIST_KEY_UISupportedInterfaceOrientations_iPhone = "UIInterfaceOrientationPortrait UIInterfaceOrientationLandscapeLeft UIInterfaceOrientationLandscapeRight";
				LD_RUNPATH_SEARCH_PATHS = (
					"$(inherited)",
					"@executable_path/Frameworks",
				);
				MARKETING_VERSION = 1.0;
				PRODUCT_BUNDLE_IDENTIFIER = "$(APP_BUNDLE_ID)";
				PRODUCT_NAME = "$(TARGET_NAME)";
				PROVISIONING_PROFILE_SPECIFIER = "";
				"PROVISIONING_PROFILE_SPECIFIER[sdk=iphoneos*]" = "match AppStore com.INTP.hogmumuk.staging";
				SWIFT_EMIT_LOC_STRINGS = YES;
				SWIFT_VERSION = 5.0;
				TARGETED_DEVICE_FAMILY = "1,2";
			};
			name = "Release(stag)";
		};
		BEFB83EA2D3D37A7000D9537 /* Release(stag) */ = {
			isa = XCBuildConfiguration;
			buildSettings = {
				BUNDLE_LOADER = "$(TEST_HOST)";
				CODE_SIGN_STYLE = Automatic;
				CURRENT_PROJECT_VERSION = 4;
				DEVELOPMENT_TEAM = 7HDHR2SNR7;
				GENERATE_INFOPLIST_FILE = YES;
				IPHONEOS_DEPLOYMENT_TARGET = 18.2;
				MARKETING_VERSION = 1.0;
				PRODUCT_BUNDLE_IDENTIFIER = "com.hongmumuk-SwiftUITests";
				PRODUCT_NAME = "$(TARGET_NAME)";
				SWIFT_EMIT_LOC_STRINGS = NO;
				SWIFT_VERSION = 5.0;
				TARGETED_DEVICE_FAMILY = "1,2";
				TEST_HOST = "$(BUILT_PRODUCTS_DIR)/hongmumuk_SwiftUI.app/$(BUNDLE_EXECUTABLE_FOLDER_PATH)/hongmumuk_SwiftUI";
			};
			name = "Release(stag)";
		};
		BEFB83EB2D3D37A7000D9537 /* Release(stag) */ = {
			isa = XCBuildConfiguration;
			buildSettings = {
				CODE_SIGN_STYLE = Automatic;
				CURRENT_PROJECT_VERSION = 4;
				DEVELOPMENT_TEAM = 7HDHR2SNR7;
				GENERATE_INFOPLIST_FILE = YES;
				MARKETING_VERSION = 1.0;
				PRODUCT_BUNDLE_IDENTIFIER = "com.hongmumuk-SwiftUIUITests";
				PRODUCT_NAME = "$(TARGET_NAME)";
				SWIFT_EMIT_LOC_STRINGS = NO;
				SWIFT_VERSION = 5.0;
				TARGETED_DEVICE_FAMILY = "1,2";
				TEST_TARGET_NAME = hongmumuk_SwiftUI;
			};
			name = "Release(stag)";
		};
/* End XCBuildConfiguration section */

/* Begin XCConfigurationList section */
		BEFB83942D3D359F000D9537 /* Build configuration list for PBXProject "hongmumuk_SwiftUI" */ = {
			isa = XCConfigurationList;
			buildConfigurations = (
				BEFB83BB2D3D35A1000D9537 /* Debug(dev) */,
				BEFB83E02D3D37A2000D9537 /* Debug(stag) */,
				BEFB83DC2D3D37A1000D9537 /* Debug(prod) */,
				BEFB83BC2D3D35A1000D9537 /* Release(dev) */,
				BEFB83E82D3D37A7000D9537 /* Release(stag) */,
				BEFB83E42D3D37A5000D9537 /* Release(prod) */,
			);
			defaultConfigurationIsVisible = 0;
			defaultConfigurationName = "Release(prod)";
		};
		BEFB83BD2D3D35A1000D9537 /* Build configuration list for PBXNativeTarget "hongmumuk_SwiftUI" */ = {
			isa = XCConfigurationList;
			buildConfigurations = (
				BEFB83BE2D3D35A1000D9537 /* Debug(dev) */,
				BEFB83E12D3D37A2000D9537 /* Debug(stag) */,
				BEFB83DD2D3D37A1000D9537 /* Debug(prod) */,
				BEFB83BF2D3D35A1000D9537 /* Release(dev) */,
				BEFB83E92D3D37A7000D9537 /* Release(stag) */,
				BEFB83E52D3D37A5000D9537 /* Release(prod) */,
			);
			defaultConfigurationIsVisible = 0;
			defaultConfigurationName = "Release(prod)";
		};
		BEFB83C02D3D35A1000D9537 /* Build configuration list for PBXNativeTarget "hongmumuk_SwiftUITests" */ = {
			isa = XCConfigurationList;
			buildConfigurations = (
				BEFB83C12D3D35A1000D9537 /* Debug(dev) */,
				BEFB83E22D3D37A2000D9537 /* Debug(stag) */,
				BEFB83DE2D3D37A1000D9537 /* Debug(prod) */,
				BEFB83C22D3D35A1000D9537 /* Release(dev) */,
				BEFB83EA2D3D37A7000D9537 /* Release(stag) */,
				BEFB83E62D3D37A5000D9537 /* Release(prod) */,
			);
			defaultConfigurationIsVisible = 0;
			defaultConfigurationName = "Release(prod)";
		};
		BEFB83C32D3D35A1000D9537 /* Build configuration list for PBXNativeTarget "hongmumuk_SwiftUIUITests" */ = {
			isa = XCConfigurationList;
			buildConfigurations = (
				BEFB83C42D3D35A1000D9537 /* Debug(dev) */,
				BEFB83E32D3D37A2000D9537 /* Debug(stag) */,
				BEFB83DF2D3D37A1000D9537 /* Debug(prod) */,
				BEFB83C52D3D35A1000D9537 /* Release(dev) */,
				BEFB83EB2D3D37A7000D9537 /* Release(stag) */,
				BEFB83E72D3D37A5000D9537 /* Release(prod) */,
			);
			defaultConfigurationIsVisible = 0;
			defaultConfigurationName = "Release(prod)";
		};
/* End XCConfigurationList section */

/* Begin XCRemoteSwiftPackageReference section */
		BE4F9B292D59E8D600E7CC46 /* XCRemoteSwiftPackageReference "Alamofire" */ = {
			isa = XCRemoteSwiftPackageReference;
			repositoryURL = "https://github.com/Alamofire/Alamofire";
			requirement = {
				kind = upToNextMajorVersion;
				minimumVersion = 5.10.2;
			};
		};
		BE5F1AA42D51ED6800D124DB /* XCRemoteSwiftPackageReference "swift-composable-architecture" */ = {
			isa = XCRemoteSwiftPackageReference;
			repositoryURL = "https://github.com/pointfreeco/swift-composable-architecture";
			requirement = {
				kind = upToNextMajorVersion;
				minimumVersion = 1.17.1;
			};
		};
/* End XCRemoteSwiftPackageReference section */

/* Begin XCSwiftPackageProductDependency section */
		BE4F9B2A2D59E8D600E7CC46 /* Alamofire */ = {
			isa = XCSwiftPackageProductDependency;
			package = BE4F9B292D59E8D600E7CC46 /* XCRemoteSwiftPackageReference "Alamofire" */;
			productName = Alamofire;
		};
		BE5F1AA52D51ED6800D124DB /* ComposableArchitecture */ = {
			isa = XCSwiftPackageProductDependency;
			package = BE5F1AA42D51ED6800D124DB /* XCRemoteSwiftPackageReference "swift-composable-architecture" */;
			productName = ComposableArchitecture;
		};
/* End XCSwiftPackageProductDependency section */
	};
	rootObject = BEFB83912D3D359F000D9537 /* Project object */;
}
